// !$*UTF8*$!
{
	archiveVersion = 1;
	classes = {
	};
	objectVersion = 77;
	objects = {

/* Begin PBXBuildFile section */
		E9CBC5F12CDF56E00086E1B7 /* Preview Assets.xcassets in Resources */ = {isa = PBXBuildFile; fileRef = E9CBC5EB2CDF56E00086E1B7 /* Preview Assets.xcassets */; };
		E9CBC5F22CDF56E00086E1B7 /* Assets.xcassets in Resources */ = {isa = PBXBuildFile; fileRef = E9CBC5ED2CDF56E00086E1B7 /* Assets.xcassets */; };
		E9CBC5F42CDF56E10086E1B7 /* HypnogramExampleApp.swift in Sources */ = {isa = PBXBuildFile; fileRef = E9CBC5EF2CDF56E00086E1B7 /* HypnogramExampleApp.swift */; };
		E9CBC5F92CDF58970086E1B7 /* HomeView.swift in Sources */ = {isa = PBXBuildFile; fileRef = E9CBC5F82CDF58970086E1B7 /* HomeView.swift */; };
		E9CBC5FB2CDF59910086E1B7 /* UITexts.swift in Sources */ = {isa = PBXBuildFile; fileRef = E9CBC5FA2CDF59910086E1B7 /* UITexts.swift */; };
		E9CBC6062CDF6BF30086E1B7 /* HomeViewModel.swift in Sources */ = {isa = PBXBuildFile; fileRef = E9CBC6052CDF6BF30086E1B7 /* HomeViewModel.swift */; };
		E9CBC6082CDF6C3D0086E1B7 /* HypnogramChart.swift in Sources */ = {isa = PBXBuildFile; fileRef = E9CBC6072CDF6C3D0086E1B7 /* HypnogramChart.swift */; };
		E9CBC60A2CDF73510086E1B7 /* HypnogramDataPoint.swift in Sources */ = {isa = PBXBuildFile; fileRef = E9CBC6092CDF73510086E1B7 /* HypnogramDataPoint.swift */; };
		E9CBC60C2CDF73B40086E1B7 /* HypnogramDataRepository.swift in Sources */ = {isa = PBXBuildFile; fileRef = E9CBC60B2CDF73B40086E1B7 /* HypnogramDataRepository.swift */; };
/* End PBXBuildFile section */

/* Begin PBXFileReference section */
		E9CBC5D82CDF4B730086E1B7 /* HypnogramExample.app */ = {isa = PBXFileReference; explicitFileType = wrapper.application; includeInIndex = 0; path = HypnogramExample.app; sourceTree = BUILT_PRODUCTS_DIR; };
		E9CBC5EB2CDF56E00086E1B7 /* Preview Assets.xcassets */ = {isa = PBXFileReference; lastKnownFileType = folder.assetcatalog; path = "Preview Assets.xcassets"; sourceTree = "<group>"; };
		E9CBC5ED2CDF56E00086E1B7 /* Assets.xcassets */ = {isa = PBXFileReference; lastKnownFileType = folder.assetcatalog; path = Assets.xcassets; sourceTree = "<group>"; };
		E9CBC5EF2CDF56E00086E1B7 /* HypnogramExampleApp.swift */ = {isa = PBXFileReference; lastKnownFileType = sourcecode.swift; path = HypnogramExampleApp.swift; sourceTree = "<group>"; };
		E9CBC5F82CDF58970086E1B7 /* HomeView.swift */ = {isa = PBXFileReference; lastKnownFileType = sourcecode.swift; path = HomeView.swift; sourceTree = "<group>"; };
		E9CBC5FA2CDF59910086E1B7 /* UITexts.swift */ = {isa = PBXFileReference; lastKnownFileType = sourcecode.swift; path = UITexts.swift; sourceTree = "<group>"; };
		E9CBC6052CDF6BF30086E1B7 /* HomeViewModel.swift */ = {isa = PBXFileReference; lastKnownFileType = sourcecode.swift; path = HomeViewModel.swift; sourceTree = "<group>"; };
		E9CBC6072CDF6C3D0086E1B7 /* HypnogramChart.swift */ = {isa = PBXFileReference; lastKnownFileType = sourcecode.swift; path = HypnogramChart.swift; sourceTree = "<group>"; };
		E9CBC6092CDF73510086E1B7 /* HypnogramDataPoint.swift */ = {isa = PBXFileReference; lastKnownFileType = sourcecode.swift; path = HypnogramDataPoint.swift; sourceTree = "<group>"; };
		E9CBC60B2CDF73B40086E1B7 /* HypnogramDataRepository.swift */ = {isa = PBXFileReference; lastKnownFileType = sourcecode.swift; path = HypnogramDataRepository.swift; sourceTree = "<group>"; };
/* End PBXFileReference section */

/* Begin PBXFrameworksBuildPhase section */
		E9CBC5D52CDF4B730086E1B7 /* Frameworks */ = {
			isa = PBXFrameworksBuildPhase;
			buildActionMask = 2147483647;
			files = (
			);
			runOnlyForDeploymentPostprocessing = 0;
		};
/* End PBXFrameworksBuildPhase section */

/* Begin PBXGroup section */
		E9CBC5CF2CDF4B730086E1B7 = {
			isa = PBXGroup;
			children = (
				E9CBC5F02CDF56E00086E1B7 /* HypnogramExample */,
				E9CBC5D92CDF4B730086E1B7 /* Products */,
			);
			sourceTree = "<group>";
		};
		E9CBC5D92CDF4B730086E1B7 /* Products */ = {
			isa = PBXGroup;
			children = (
				E9CBC5D82CDF4B730086E1B7 /* HypnogramExample.app */,
			);
			name = Products;
			sourceTree = "<group>";
		};
		E9CBC5EC2CDF56E00086E1B7 /* Preview Content */ = {
			isa = PBXGroup;
			children = (
				E9CBC5EB2CDF56E00086E1B7 /* Preview Assets.xcassets */,
			);
			path = "Preview Content";
			sourceTree = "<group>";
		};
		E9CBC5F02CDF56E00086E1B7 /* HypnogramExample */ = {
			isa = PBXGroup;
			children = (
				E9CBC5EF2CDF56E00086E1B7 /* HypnogramExampleApp.swift */,
				E9CBC5ED2CDF56E00086E1B7 /* Assets.xcassets */,
				E9CBC5F52CDF58620086E1B7 /* Model */,
				E9CBC5FE2CDF5B6A0086E1B7 /* DataAccess */,
				E9CBC6042CDF6BE30086E1B7 /* ViewModel */,
				E9CBC5F72CDF58710086E1B7 /* View */,
				E9CBC5EC2CDF56E00086E1B7 /* Preview Content */,
			);
			path = HypnogramExample;
			sourceTree = "<group>";
		};
		E9CBC5F52CDF58620086E1B7 /* Model */ = {
			isa = PBXGroup;
			children = (
				E9CBC6092CDF73510086E1B7 /* HypnogramDataPoint.swift */,
			);
			path = Model;
			sourceTree = "<group>";
		};
		E9CBC5F72CDF58710086E1B7 /* View */ = {
			isa = PBXGroup;
			children = (
				E9CBC5FA2CDF59910086E1B7 /* UITexts.swift */,
				E9CBC5F82CDF58970086E1B7 /* HomeView.swift */,
				E9CBC6072CDF6C3D0086E1B7 /* HypnogramChart.swift */,
			);
			path = View;
			sourceTree = "<group>";
		};
		E9CBC5FE2CDF5B6A0086E1B7 /* DataAccess */ = {
			isa = PBXGroup;
			children = (
				E9CBC60B2CDF73B40086E1B7 /* HypnogramDataRepository.swift */,
			);
			path = DataAccess;
			sourceTree = "<group>";
		};
		E9CBC6042CDF6BE30086E1B7 /* ViewModel */ = {
			isa = PBXGroup;
			children = (
				E9CBC6052CDF6BF30086E1B7 /* HomeViewModel.swift */,
			);
			path = ViewModel;
			sourceTree = "<group>";
		};
/* End PBXGroup section */

/* Begin PBXNativeTarget section */
		E9CBC5D72CDF4B730086E1B7 /* HypnogramExample */ = {
			isa = PBXNativeTarget;
			buildConfigurationList = E9CBC5E62CDF4B750086E1B7 /* Build configuration list for PBXNativeTarget "HypnogramExample" */;
			buildPhases = (
				E9CBC5D42CDF4B730086E1B7 /* Sources */,
				E9CBC5D52CDF4B730086E1B7 /* Frameworks */,
				E9CBC5D62CDF4B730086E1B7 /* Resources */,
			);
			buildRules = (
			);
			dependencies = (
			);
			name = HypnogramExample;
			packageProductDependencies = (
			);
			productName = HypnogramExample;
			productReference = E9CBC5D82CDF4B730086E1B7 /* HypnogramExample.app */;
			productType = "com.apple.product-type.application";
		};
/* End PBXNativeTarget section */

/* Begin PBXProject section */
		E9CBC5D02CDF4B730086E1B7 /* Project object */ = {
			isa = PBXProject;
			attributes = {
				BuildIndependentTargetsInParallel = 1;
				LastSwiftUpdateCheck = 1610;
				LastUpgradeCheck = 1610;
				TargetAttributes = {
					E9CBC5D72CDF4B730086E1B7 = {
						CreatedOnToolsVersion = 16.1;
					};
				};
			};
			buildConfigurationList = E9CBC5D32CDF4B730086E1B7 /* Build configuration list for PBXProject "HypnogramExample" */;
			developmentRegion = en;
			hasScannedForEncodings = 0;
			knownRegions = (
				en,
				Base,
			);
			mainGroup = E9CBC5CF2CDF4B730086E1B7;
			minimizedProjectReferenceProxies = 1;
			preferredProjectObjectVersion = 77;
			productRefGroup = E9CBC5D92CDF4B730086E1B7 /* Products */;
			projectDirPath = "";
			projectRoot = "";
			targets = (
				E9CBC5D72CDF4B730086E1B7 /* HypnogramExample */,
			);
		};
/* End PBXProject section */

/* Begin PBXResourcesBuildPhase section */
		E9CBC5D62CDF4B730086E1B7 /* Resources */ = {
			isa = PBXResourcesBuildPhase;
			buildActionMask = 2147483647;
			files = (
				E9CBC5F12CDF56E00086E1B7 /* Preview Assets.xcassets in Resources */,
				E9CBC5F22CDF56E00086E1B7 /* Assets.xcassets in Resources */,
			);
			runOnlyForDeploymentPostprocessing = 0;
		};
/* End PBXResourcesBuildPhase section */

/* Begin PBXSourcesBuildPhase section */
		E9CBC5D42CDF4B730086E1B7 /* Sources */ = {
			isa = PBXSourcesBuildPhase;
			buildActionMask = 2147483647;
			files = (
				E9CBC60A2CDF73510086E1B7 /* HypnogramDataPoint.swift in Sources */,
				E9CBC5F42CDF56E10086E1B7 /* HypnogramExampleApp.swift in Sources */,
				E9CBC5FB2CDF59910086E1B7 /* UITexts.swift in Sources */,
				E9CBC60C2CDF73B40086E1B7 /* HypnogramDataRepository.swift in Sources */,
				E9CBC5F92CDF58970086E1B7 /* HomeView.swift in Sources */,
				E9CBC6062CDF6BF30086E1B7 /* HomeViewModel.swift in Sources */,
				E9CBC6082CDF6C3D0086E1B7 /* HypnogramChart.swift in Sources */,
			);
			runOnlyForDeploymentPostprocessing = 0;
		};
/* End PBXSourcesBuildPhase section */

/* Begin XCBuildConfiguration section */
		E9CBC5E42CDF4B750086E1B7 /* Debug */ = {
			isa = XCBuildConfiguration;
			buildSettings = {
				ALWAYS_SEARCH_USER_PATHS = NO;
				ASSETCATALOG_COMPILER_GENERATE_SWIFT_ASSET_SYMBOL_EXTENSIONS = YES;
				CLANG_ANALYZER_NONNULL = YES;
				CLANG_ANALYZER_NUMBER_OBJECT_CONVERSION = YES_AGGRESSIVE;
				CLANG_CXX_LANGUAGE_STANDARD = "gnu++20";
				CLANG_ENABLE_MODULES = YES;
				CLANG_ENABLE_OBJC_ARC = YES;
				CLANG_ENABLE_OBJC_WEAK = YES;
				CLANG_WARN_BLOCK_CAPTURE_AUTORELEASING = YES;
				CLANG_WARN_BOOL_CONVERSION = YES;
				CLANG_WARN_COMMA = YES;
				CLANG_WARN_CONSTANT_CONVERSION = YES;
				CLANG_WARN_DEPRECATED_OBJC_IMPLEMENTATIONS = YES;
				CLANG_WARN_DIRECT_OBJC_ISA_USAGE = YES_ERROR;
				CLANG_WARN_DOCUMENTATION_COMMENTS = YES;
				CLANG_WARN_EMPTY_BODY = YES;
				CLANG_WARN_ENUM_CONVERSION = YES;
				CLANG_WARN_INFINITE_RECURSION = YES;
				CLANG_WARN_INT_CONVERSION = YES;
				CLANG_WARN_NON_LITERAL_NULL_CONVERSION = YES;
				CLANG_WARN_OBJC_IMPLICIT_RETAIN_SELF = YES;
				CLANG_WARN_OBJC_LITERAL_CONVERSION = YES;
				CLANG_WARN_OBJC_ROOT_CLASS = YES_ERROR;
				CLANG_WARN_QUOTED_INCLUDE_IN_FRAMEWORK_HEADER = YES;
				CLANG_WARN_RANGE_LOOP_ANALYSIS = YES;
				CLANG_WARN_STRICT_PROTOTYPES = YES;
				CLANG_WARN_SUSPICIOUS_MOVE = YES;
				CLANG_WARN_UNGUARDED_AVAILABILITY = YES_AGGRESSIVE;
				CLANG_WARN_UNREACHABLE_CODE = YES;
				CLANG_WARN__DUPLICATE_METHOD_MATCH = YES;
				COPY_PHASE_STRIP = NO;
				DEBUG_INFORMATION_FORMAT = dwarf;
				ENABLE_STRICT_OBJC_MSGSEND = YES;
				ENABLE_TESTABILITY = YES;
				ENABLE_USER_SCRIPT_SANDBOXING = YES;
				GCC_C_LANGUAGE_STANDARD = gnu17;
				GCC_DYNAMIC_NO_PIC = NO;
				GCC_NO_COMMON_BLOCKS = YES;
				GCC_OPTIMIZATION_LEVEL = 0;
				GCC_PREPROCESSOR_DEFINITIONS = (
					"DEBUG=1",
					"$(inherited)",
				);
				GCC_WARN_64_TO_32_BIT_CONVERSION = YES;
				GCC_WARN_ABOUT_RETURN_TYPE = YES_ERROR;
				GCC_WARN_UNDECLARED_SELECTOR = YES;
				GCC_WARN_UNINITIALIZED_AUTOS = YES_AGGRESSIVE;
				GCC_WARN_UNUSED_FUNCTION = YES;
				GCC_WARN_UNUSED_VARIABLE = YES;
				IPHONEOS_DEPLOYMENT_TARGET = 18.1;
				LOCALIZATION_PREFERS_STRING_CATALOGS = YES;
				MTL_ENABLE_DEBUG_INFO = INCLUDE_SOURCE;
				MTL_FAST_MATH = YES;
				ONLY_ACTIVE_ARCH = YES;
				SDKROOT = iphoneos;
				SWIFT_ACTIVE_COMPILATION_CONDITIONS = "DEBUG $(inherited)";
				SWIFT_OPTIMIZATION_LEVEL = "-Onone";
			};
			name = Debug;
		};
		E9CBC5E52CDF4B750086E1B7 /* Release */ = {
			isa = XCBuildConfiguration;
			buildSettings = {
				ALWAYS_SEARCH_USER_PATHS = NO;
				ASSETCATALOG_COMPILER_GENERATE_SWIFT_ASSET_SYMBOL_EXTENSIONS = YES;
				CLANG_ANALYZER_NONNULL = YES;
				CLANG_ANALYZER_NUMBER_OBJECT_CONVERSION = YES_AGGRESSIVE;
				CLANG_CXX_LANGUAGE_STANDARD = "gnu++20";
				CLANG_ENABLE_MODULES = YES;
				CLANG_ENABLE_OBJC_ARC = YES;
				CLANG_ENABLE_OBJC_WEAK = YES;
				CLANG_WARN_BLOCK_CAPTURE_AUTORELEASING = YES;
				CLANG_WARN_BOOL_CONVERSION = YES;
				CLANG_WARN_COMMA = YES;
				CLANG_WARN_CONSTANT_CONVERSION = YES;
				CLANG_WARN_DEPRECATED_OBJC_IMPLEMENTATIONS = YES;
				CLANG_WARN_DIRECT_OBJC_ISA_USAGE = YES_ERROR;
				CLANG_WARN_DOCUMENTATION_COMMENTS = YES;
				CLANG_WARN_EMPTY_BODY = YES;
				CLANG_WARN_ENUM_CONVERSION = YES;
				CLANG_WARN_INFINITE_RECURSION = YES;
				CLANG_WARN_INT_CONVERSION = YES;
				CLANG_WARN_NON_LITERAL_NULL_CONVERSION = YES;
				CLANG_WARN_OBJC_IMPLICIT_RETAIN_SELF = YES;
				CLANG_WARN_OBJC_LITERAL_CONVERSION = YES;
				CLANG_WARN_OBJC_ROOT_CLASS = YES_ERROR;
				CLANG_WARN_QUOTED_INCLUDE_IN_FRAMEWORK_HEADER = YES;
				CLANG_WARN_RANGE_LOOP_ANALYSIS = YES;
				CLANG_WARN_STRICT_PROTOTYPES = YES;
				CLANG_WARN_SUSPICIOUS_MOVE = YES;
				CLANG_WARN_UNGUARDED_AVAILABILITY = YES_AGGRESSIVE;
				CLANG_WARN_UNREACHABLE_CODE = YES;
				CLANG_WARN__DUPLICATE_METHOD_MATCH = YES;
				COPY_PHASE_STRIP = NO;
				DEBUG_INFORMATION_FORMAT = "dwarf-with-dsym";
				ENABLE_NS_ASSERTIONS = NO;
				ENABLE_STRICT_OBJC_MSGSEND = YES;
				ENABLE_USER_SCRIPT_SANDBOXING = YES;
				GCC_C_LANGUAGE_STANDARD = gnu17;
				GCC_NO_COMMON_BLOCKS = YES;
				GCC_WARN_64_TO_32_BIT_CONVERSION = YES;
				GCC_WARN_ABOUT_RETURN_TYPE = YES_ERROR;
				GCC_WARN_UNDECLARED_SELECTOR = YES;
				GCC_WARN_UNINITIALIZED_AUTOS = YES_AGGRESSIVE;
				GCC_WARN_UNUSED_FUNCTION = YES;
				GCC_WARN_UNUSED_VARIABLE = YES;
				IPHONEOS_DEPLOYMENT_TARGET = 18.1;
				LOCALIZATION_PREFERS_STRING_CATALOGS = YES;
				MTL_ENABLE_DEBUG_INFO = NO;
				MTL_FAST_MATH = YES;
				SDKROOT = iphoneos;
				SWIFT_COMPILATION_MODE = wholemodule;
				VALIDATE_PRODUCT = YES;
			};
			name = Release;
		};
		E9CBC5E72CDF4B750086E1B7 /* Debug */ = {
			isa = XCBuildConfiguration;
			buildSettings = {
				ASSETCATALOG_COMPILER_APPICON_NAME = AppIcon;
				ASSETCATALOG_COMPILER_GLOBAL_ACCENT_COLOR_NAME = AccentColor;
				CODE_SIGN_STYLE = Automatic;
				CURRENT_PROJECT_VERSION = 1;
				DEVELOPMENT_ASSET_PATHS = "\"HypnogramExample/Preview Content\"";
				ENABLE_PREVIEWS = YES;
				GENERATE_INFOPLIST_FILE = YES;
				INFOPLIST_KEY_UIApplicationSceneManifest_Generation = YES;
				INFOPLIST_KEY_UIApplicationSupportsIndirectInputEvents = YES;
				INFOPLIST_KEY_UILaunchScreen_Generation = YES;
				INFOPLIST_KEY_UISupportedInterfaceOrientations_iPad = "UIInterfaceOrientationPortrait UIInterfaceOrientationPortraitUpsideDown UIInterfaceOrientationLandscapeLeft UIInterfaceOrientationLandscapeRight";
				INFOPLIST_KEY_UISupportedInterfaceOrientations_iPhone = "UIInterfaceOrientationPortrait UIInterfaceOrientationLandscapeLeft UIInterfaceOrientationLandscapeRight";
				IPHONEOS_DEPLOYMENT_TARGET = 17.0;
				LD_RUNPATH_SEARCH_PATHS = (
					"$(inherited)",
					"@executable_path/Frameworks",
				);
				MARKETING_VERSION = 1.0;
				PRODUCT_BUNDLE_IDENTIFIER = com.denismendica.HypnogramExample;
				PRODUCT_NAME = "$(TARGET_NAME)";
				SWIFT_EMIT_LOC_STRINGS = YES;
				SWIFT_VERSION = 5.0;
				TARGETED_DEVICE_FAMILY = "1,2";
			};
			name = Debug;
		};
		E9CBC5E82CDF4B750086E1B7 /* Release */ = {
			isa = XCBuildConfiguration;
			buildSettings = {
				ASSETCATALOG_COMPILER_APPICON_NAME = AppIcon;
				ASSETCATALOG_COMPILER_GLOBAL_ACCENT_COLOR_NAME = AccentColor;
				CODE_SIGN_STYLE = Automatic;
				CURRENT_PROJECT_VERSION = 1;
				DEVELOPMENT_ASSET_PATHS = "\"HypnogramExample/Preview Content\"";
				ENABLE_PREVIEWS = YES;
				GENERATE_INFOPLIST_FILE = YES;
				INFOPLIST_KEY_UIApplicationSceneManifest_Generation = YES;
				INFOPLIST_KEY_UIApplicationSupportsIndirectInputEvents = YES;
				INFOPLIST_KEY_UILaunchScreen_Generation = YES;
				INFOPLIST_KEY_UISupportedInterfaceOrientations_iPad = "UIInterfaceOrientationPortrait UIInterfaceOrientationPortraitUpsideDown UIInterfaceOrientationLandscapeLeft UIInterfaceOrientationLandscapeRight";
				INFOPLIST_KEY_UISupportedInterfaceOrientations_iPhone = "UIInterfaceOrientationPortrait UIInterfaceOrientationLandscapeLeft UIInterfaceOrientationLandscapeRight";
				IPHONEOS_DEPLOYMENT_TARGET = 17.0;
				LD_RUNPATH_SEARCH_PATHS = (
					"$(inherited)",
					"@executable_path/Frameworks",
				);
				MARKETING_VERSION = 1.0;
				PRODUCT_BUNDLE_IDENTIFIER = com.denismendica.HypnogramExample;
				PRODUCT_NAME = "$(TARGET_NAME)";
				SWIFT_EMIT_LOC_STRINGS = YES;
				SWIFT_VERSION = 5.0;
				TARGETED_DEVICE_FAMILY = "1,2";
			};
			name = Release;
		};
/* End XCBuildConfiguration section */

/* Begin XCConfigurationList section */
		E9CBC5D32CDF4B730086E1B7 /* Build configuration list for PBXProject "HypnogramExample" */ = {
			isa = XCConfigurationList;
			buildConfigurations = (
				E9CBC5E42CDF4B750086E1B7 /* Debug */,
				E9CBC5E52CDF4B750086E1B7 /* Release */,
			);
			defaultConfigurationIsVisible = 0;
			defaultConfigurationName = Release;
		};
		E9CBC5E62CDF4B750086E1B7 /* Build configuration list for PBXNativeTarget "HypnogramExample" */ = {
			isa = XCConfigurationList;
			buildConfigurations = (
				E9CBC5E72CDF4B750086E1B7 /* Debug */,
				E9CBC5E82CDF4B750086E1B7 /* Release */,
			);
			defaultConfigurationIsVisible = 0;
			defaultConfigurationName = Release;
		};
/* End XCConfigurationList section */
	};
	rootObject = E9CBC5D02CDF4B730086E1B7 /* Project object */;
}
